PODS:
  - AFNetworking (3.2.1):
    - AFNetworking/NSURLSession (= 3.2.1)
    - AFNetworking/Reachability (= 3.2.1)
    - AFNetworking/Security (= 3.2.1)
    - AFNetworking/Serialization (= 3.2.1)
    - AFNetworking/UIKit (= 3.2.1)
  - AFNetworking/NSURLSession (3.2.1):
    - AFNetworking/Reachability
    - AFNetworking/Security
    - AFNetworking/Serialization
  - AFNetworking/Reachability (3.2.1)
  - AFNetworking/Security (3.2.1)
  - AFNetworking/Serialization (3.2.1)
  - AFNetworking/UIKit (3.2.1):
    - AFNetworking/NSURLSession
  - JZKit (1.2.0):
    - JZKit/JZBasicInstance (= 1.2.0)
    - JZKit/JZCategory (= 1.2.0)
    - JZKit/JZGeneralMacros (= 1.2.0)
    - JZKit/JZGeographicService (= 1.2.0)
    - JZKit/JZNetworkService (= 1.2.0)
    - JZKit/JZPickerGroup (= 1.2.0)
    - JZKit/JZProgressHUD (= 1.2.0)
    - JZKit/JZSettingsService (= 1.2.0)
  - JZKit/JZBasicInstance (1.2.0):
    - JZKit/JZGeneralMacros
  - JZKit/JZCategory (1.2.0):
    - JZKit/JZCategory/Foundation (= 1.2.0)
    - JZKit/JZCategory/UIKit (= 1.2.0)
    - JZKit/JZCategory/Unicode (= 1.2.0)
  - JZKit/JZCategory/Foundation (1.2.0)
  - JZKit/JZCategory/UIKit (1.2.0):
    - JZKit/JZGeneralMacros
    - SDWebImage (~> 4.0)
  - JZKit/JZCategory/Unicode (1.2.0):
    - JZKit/JZCategory/Foundation
  - JZKit/JZGeneralMacros (1.2.0)
  - JZKit/JZGeographicService (1.2.0):
    - JZKit/JZBasicInstance
    - MJExtension
    - YYCache
  - JZKit/JZNetworkService (1.2.0):
    - AFNetworking (~> 3.0)
    - JZKit/JZGeneralMacros
    - MJExtension
    - YYCache
  - JZKit/JZPickerGroup (1.2.0):
    - JZKit/JZCategory/Foundation
    - JZKit/JZGeneralMacros
    - JZKit/JZGeographicService
    - MMPopupView-Enhanced
  - JZKit/JZProgressHUD (1.2.0):
    - JZKit/JZGeneralMacros
    - MBProgressHUD
  - JZKit/JZSettingsService (1.2.0):
    - JZKit/JZGeneralMacros
  - Masonry (1.1.0)
  - MBProgressHUD (1.1.0)
  - MJExtension (3.0.15.1)
  - MMPopupView-Enhanced (1.0.2):
    - Masonry
  - SDWebImage (4.4.1):
    - SDWebImage/Core (= 4.4.1)
  - SDWebImage/Core (4.4.1)
  - YYCache (1.0.4)

DEPENDENCIES:
  - JZKit (from `../`)

SPEC REPOS:
  https://github.com/cocoapods/specs.git:
    - AFNetworking
    - Masonry
    - MBProgressHUD
    - MJExtension
    - MMPopupView-Enhanced
    - SDWebImage
    - YYCache

EXTERNAL SOURCES:
  JZKit:
    :path: "../"

SPEC CHECKSUMS:
  AFNetworking: b6f891fdfaed196b46c7a83cf209e09697b94057
  JZKit: 5b98b501aca7fc4237f1f75adca9902e10176b30
  Masonry: 678fab65091a9290e40e2832a55e7ab731aad201
  MBProgressHUD: e7baa36a220447d8aeb12769bf0585582f3866d9
  MJExtension: 19bc33ce2eee2d319760f5622562cf581a6ff756
  MMPopupView-Enhanced: 513126dcc3b99e8c7f67827cff283c5a6e753c62
  SDWebImage: 47e9b5b925cbce75946c23f0c42dd19464189af4
  YYCache: 8105b6638f5e849296c71f331ff83891a4942952

PODFILE CHECKSUM: 8e086ae97a93e342ca7b7fe79d4305d19a4b4703

COCOAPODS: 1.5.3
